
Microsoft Visual Studio Solution File, Format Version 12.00
# Visual Studio Version 16
VisualStudioVersion = 16.0.31229.75
MinimumVisualStudioVersion = 10.0.40219.1
Project("{9A19103F-16F7-4668-BE54-9A1E7A4F7556}") = "ejercicio05", "ejercicio05\ejercicio05.csproj", "{8055D005-9D6B-491E-8054-72DFA149DBC4}"
EndProject
Project("{9A19103F-16F7-4668-BE54-9A1E7A4F7556}") = "ejercicio01", "ejercicio01\ejercicio01.csproj", "{A76B5439-309F-401F-8920-3231CB67976A}"
EndProject
Project("{9A19103F-16F7-4668-BE54-9A1E7A4F7556}") = "ejercicio02", "ejercicio02\ejercicio02.csproj", "{31B60F81-EE5E-4600-82C6-B6F0033CBB33}"
EndProject
Project("{9A19103F-16F7-4668-BE54-9A1E7A4F7556}") = "ejercicio03", "ejercicio03\ejercicio03.csproj", "{27DBB749-4E4E-4567-A89B-7CA7DF1A1A7C}"
EndProject
Project("{9A19103F-16F7-4668-BE54-9A1E7A4F7556}") = "ejercicios04", "ejercicios04\ejercicios04.csproj", "{81ACCBB4-F58F-4F2D-AB07-998CF34DB8BA}"
EndProject
Global
	GlobalSection(SolutionConfigurationPlatforms) = preSolution
		Debug|Any CPU = Debug|Any CPU
		Release|Any CPU = Release|Any CPU
	EndGlobalSection
	GlobalSection(ProjectConfigurationPlatforms) = postSolution
		{8055D005-9D6B-491E-8054-72DFA149DBC4}.Debug|Any CPU.ActiveCfg = Debug|Any CPU
		{8055D005-9D6B-491E-8054-72DFA149DBC4}.Debug|Any CPU.Build.0 = Debug|Any CPU
		{8055D005-9D6B-491E-8054-72DFA149DBC4}.Release|Any CPU.ActiveCfg = Release|Any CPU
		{8055D005-9D6B-491E-8054-72DFA149DBC4}.Release|Any CPU.Build.0 = Release|Any CPU
		{A76B5439-309F-401F-8920-3231CB67976A}.Debug|Any CPU.ActiveCfg = Debug|Any CPU
		{A76B5439-309F-401F-8920-3231CB67976A}.Debug|Any CPU.Build.0 = Debug|Any CPU
		{A76B5439-309F-401F-8920-3231CB67976A}.Release|Any CPU.ActiveCfg = Release|Any CPU
		{A76B5439-309F-401F-8920-3231CB67976A}.Release|Any CPU.Build.0 = Release|Any CPU
		{31B60F81-EE5E-4600-82C6-B6F0033CBB33}.Debug|Any CPU.ActiveCfg = Debug|Any CPU
		{31B60F81-EE5E-4600-82C6-B6F0033CBB33}.Debug|Any CPU.Build.0 = Debug|Any CPU
		{31B60F81-EE5E-4600-82C6-B6F0033CBB33}.Release|Any CPU.ActiveCfg = Release|Any CPU
		{31B60F81-EE5E-4600-82C6-B6F0033CBB33}.Release|Any CPU.Build.0 = Release|Any CPU
		{27DBB749-4E4E-4567-A89B-7CA7DF1A1A7C}.Debug|Any CPU.ActiveCfg = Debug|Any CPU
		{27DBB749-4E4E-4567-A89B-7CA7DF1A1A7C}.Debug|Any CPU.Build.0 = Debug|Any CPU
		{27DBB749-4E4E-4567-A89B-7CA7DF1A1A7C}.Release|Any CPU.ActiveCfg = Release|Any CPU
		{27DBB749-4E4E-4567-A89B-7CA7DF1A1A7C}.Release|Any CPU.Build.0 = Release|Any CPU
		{81ACCBB4-F58F-4F2D-AB07-998CF34DB8BA}.Debug|Any CPU.ActiveCfg = Debug|Any CPU
		{81ACCBB4-F58F-4F2D-AB07-998CF34DB8BA}.Debug|Any CPU.Build.0 = Debug|Any CPU
		{81ACCBB4-F58F-4F2D-AB07-998CF34DB8BA}.Release|Any CPU.ActiveCfg = Release|Any CPU
		{81ACCBB4-F58F-4F2D-AB07-998CF34DB8BA}.Release|Any CPU.Build.0 = Release|Any CPU
	EndGlobalSection
	GlobalSection(SolutionProperties) = preSolution
		HideSolutionNode = FALSE
	EndGlobalSection
	GlobalSection(ExtensibilityGlobals) = postSolution
		SolutionGuid = {01C648E3-197D-45A8-A7BA-20C300CA3C1A}
	EndGlobalSection
EndGlobal
